
Microsoft Visual Studio Solution File, Format Version 12.00
# Visual Studio 15
VisualStudioVersion = 15.0.26730.10
MinimumVisualStudioVersion = 10.0.40219.1
Project("{FAE04EC0-301F-11D3-BF4B-00C04F79EFBC}") = "ShoppingCart", "ShoppingCart\ShoppingCart.csproj", "{263F3205-A78A-4C4C-A3EA-07ACABB7E504}"
EndProject
Project("{FAE04EC0-301F-11D3-BF4B-00C04F79EFBC}") = "ShoppingCart.Tests", "ShoppingCart.Tests\ShoppingCart.Tests.csproj", "{97C95E63-95C1-4FC1-BDE4-DE9F43335788}"
EndProject
Global
	GlobalSection(SolutionConfigurationPlatforms) = preSolution
		Debug|Any CPU = Debug|Any CPU
		Release|Any CPU = Release|Any CPU
	EndGlobalSection
	GlobalSection(ProjectConfigurationPlatforms) = postSolution
		{263F3205-A78A-4C4C-A3EA-07ACABB7E504}.Debug|Any CPU.ActiveCfg = Debug|Any CPU
		{263F3205-A78A-4C4C-A3EA-07ACABB7E504}.Debug|Any CPU.Build.0 = Debug|Any CPU
		{263F3205-A78A-4C4C-A3EA-07ACABB7E504}.Release|Any CPU.ActiveCfg = Release|Any CPU
		{263F3205-A78A-4C4C-A3EA-07ACABB7E504}.Release|Any CPU.Build.0 = Release|Any CPU
		{97C95E63-95C1-4FC1-BDE4-DE9F43335788}.Debug|Any CPU.ActiveCfg = Debug|Any CPU
		{97C95E63-95C1-4FC1-BDE4-DE9F43335788}.Debug|Any CPU.Build.0 = Debug|Any CPU
		{97C95E63-95C1-4FC1-BDE4-DE9F43335788}.Release|Any CPU.ActiveCfg = Release|Any CPU
		{97C95E63-95C1-4FC1-BDE4-DE9F43335788}.Release|Any CPU.Build.0 = Release|Any CPU
	EndGlobalSection
	GlobalSection(SolutionProperties) = preSolution
		HideSolutionNode = FALSE
	EndGlobalSection
	GlobalSection(ExtensibilityGlobals) = postSolution
		SolutionGuid = {98D39A9D-5706-4782-BD94-4EDC185EFB8D}
	EndGlobalSection
EndGlobal
